// !$*UTF8*$!
{
	archiveVersion = 1;
	classes = {
	};
	objectVersion = 46;
	objects = {

/* Begin PBXBuildFile section */
		D7E8736A847AEFD685C518C5 /* libPods.a in Frameworks */ = {isa = PBXBuildFile; fileRef = 07774A7560866395CF05F392 /* libPods.a */; };
		D923563E1CAC01B6004B3FFD /* RGCTabBar.m in Sources */ = {isa = PBXBuildFile; fileRef = D923563D1CAC01B6004B3FFD /* RGCTabBar.m */; };
		D92356411CAC30B9004B3FFD /* UIBarButtonItem+RGCExtension.m in Sources */ = {isa = PBXBuildFile; fileRef = D92356401CAC30B9004B3FFD /* UIBarButtonItem+RGCExtension.m */; };
		D92356471CACABE7004B3FFD /* RGCNavigationController.m in Sources */ = {isa = PBXBuildFile; fileRef = D92356461CACABE7004B3FFD /* RGCNavigationController.m */; };
		D923564E1CAD0117004B3FFD /* Foundation+Log.m in Sources */ = {isa = PBXBuildFile; fileRef = D923564D1CAD0117004B3FFD /* Foundation+Log.m */; };
		D92356511CAD0BB4004B3FFD /* RGCRecommendUser.m in Sources */ = {isa = PBXBuildFile; fileRef = D92356501CAD0BB4004B3FFD /* RGCRecommendUser.m */; };
		D92356571CAE7711004B3FFD /* RGCRecommendTagsViewController.m in Sources */ = {isa = PBXBuildFile; fileRef = D92356561CAE7711004B3FFD /* RGCRecommendTagsViewController.m */; };
		D92356631CAF6D74004B3FFD /* RGCRecommendTagCell.m in Sources */ = {isa = PBXBuildFile; fileRef = D92356611CAF6D74004B3FFD /* RGCRecommendTagCell.m */; };
		D92356641CAF6D74004B3FFD /* RGCRecommendTagCell.xib in Resources */ = {isa = PBXBuildFile; fileRef = D92356621CAF6D74004B3FFD /* RGCRecommendTagCell.xib */; };
		D92356671CB01928004B3FFD /* RGCRecommendTag.m in Sources */ = {isa = PBXBuildFile; fileRef = D92356661CB01928004B3FFD /* RGCRecommendTag.m */; };
		D923566E1CB19335004B3FFD /* RGCLoginRegisterViewController.m in Sources */ = {isa = PBXBuildFile; fileRef = D923566C1CB19335004B3FFD /* RGCLoginRegisterViewController.m */; };
		D923566F1CB19335004B3FFD /* RGCLoginRegisterViewController.xib in Resources */ = {isa = PBXBuildFile; fileRef = D923566D1CB19335004B3FFD /* RGCLoginRegisterViewController.xib */; };
		D92356721CB19DD3004B3FFD /* RGCVerticalButton.m in Sources */ = {isa = PBXBuildFile; fileRef = D92356711CB19DD3004B3FFD /* RGCVerticalButton.m */; };
		D952953D1CCA09E80060A2AD /* RGCTopicCell.m in Sources */ = {isa = PBXBuildFile; fileRef = D952953B1CCA09E80060A2AD /* RGCTopicCell.m */; };
		D952953E1CCA09E80060A2AD /* RGCTopicCell.xib in Resources */ = {isa = PBXBuildFile; fileRef = D952953C1CCA09E80060A2AD /* RGCTopicCell.xib */; };
		D95295461CCBCCE00060A2AD /* NSDate+RGCExtension.m in Sources */ = {isa = PBXBuildFile; fileRef = D95295451CCBCCE00060A2AD /* NSDate+RGCExtension.m */; };
		D95295491CCC5A760060A2AD /* RGCTopicViewController.m in Sources */ = {isa = PBXBuildFile; fileRef = D95295481CCC5A760060A2AD /* RGCTopicViewController.m */; };
		D952954C1CCE169E0060A2AD /* RGCTopicPictureView.m in Sources */ = {isa = PBXBuildFile; fileRef = D952954B1CCE169D0060A2AD /* RGCTopicPictureView.m */; };
		D952954E1CCE16AD0060A2AD /* RGCTopicPictureView.xib in Resources */ = {isa = PBXBuildFile; fileRef = D952954D1CCE16AD0060A2AD /* RGCTopicPictureView.xib */; };
		D96E079B1CD0A5B700076AC3 /* RGCProgressView.m in Sources */ = {isa = PBXBuildFile; fileRef = D96E079A1CD0A5B700076AC3 /* RGCProgressView.m */; };
		D96E079F1CD0B78900076AC3 /* RGCShowPictureViewController.m in Sources */ = {isa = PBXBuildFile; fileRef = D96E079D1CD0B78900076AC3 /* RGCShowPictureViewController.m */; };
		D96E07A01CD0B78900076AC3 /* RGCShowPictureViewController.xib in Resources */ = {isa = PBXBuildFile; fileRef = D96E079E1CD0B78900076AC3 /* RGCShowPictureViewController.xib */; };
		D96F8D8C1CD35363005E9D70 /* RGCPublishViewController.m in Sources */ = {isa = PBXBuildFile; fileRef = D96F8D8A1CD35363005E9D70 /* RGCPublishViewController.m */; };
		D96F8D8D1CD35363005E9D70 /* RGCPublishViewController.xib in Resources */ = {isa = PBXBuildFile; fileRef = D96F8D8B1CD35363005E9D70 /* RGCPublishViewController.xib */; };
		D97AE0291CC3BF9D00BDA689 /* RGCTopic.m in Sources */ = {isa = PBXBuildFile; fileRef = D97AE0281CC3BF9D00BDA689 /* RGCTopic.m */; };
		D97AE02C1CC3E80400BDA689 /* RGCConst.m in Sources */ = {isa = PBXBuildFile; fileRef = D97AE02B1CC3E80400BDA689 /* RGCConst.m */; };
		D9A89A3D1CABC13100F409DD /* RGCMainViewController.m in Sources */ = {isa = PBXBuildFile; fileRef = D9A89A3C1CABC13100F409DD /* RGCMainViewController.m */; };
		D9A89A401CABC4CD00F409DD /* RGCEssenceViewController.m in Sources */ = {isa = PBXBuildFile; fileRef = D9A89A3F1CABC4CD00F409DD /* RGCEssenceViewController.m */; };
		D9A89A431CABC52000F409DD /* RGCMeViewController.m in Sources */ = {isa = PBXBuildFile; fileRef = D9A89A421CABC52000F409DD /* RGCMeViewController.m */; };
		D9A89A461CABC52C00F409DD /* RGCNewViewController.m in Sources */ = {isa = PBXBuildFile; fileRef = D9A89A451CABC52C00F409DD /* RGCNewViewController.m */; };
		D9B48D991C9457CD00D36FAD /* Assets.xcassets in Resources */ = {isa = PBXBuildFile; fileRef = D9B48D981C9457CD00D36FAD /* Assets.xcassets */; };
		D9B48DD21C97F54600D36FAD /* AppDelegate.m in Sources */ = {isa = PBXBuildFile; fileRef = D9B48DC81C97F54600D36FAD /* AppDelegate.m */; };
		D9B48DD31C97F54600D36FAD /* main.m in Sources */ = {isa = PBXBuildFile; fileRef = D9B48DC91C97F54600D36FAD /* main.m */; };
		D9B48DD41C97F54600D36FAD /* RGCFriendTrendViewController.m in Sources */ = {isa = PBXBuildFile; fileRef = D9B48DCC1C97F54600D36FAD /* RGCFriendTrendViewController.m */; };
		D9B48DD51C97F54600D36FAD /* RGCFriendTrendViewController.xib in Resources */ = {isa = PBXBuildFile; fileRef = D9B48DCD1C97F54600D36FAD /* RGCFriendTrendViewController.xib */; };
		D9B48DD61C97F54600D36FAD /* UIView+RGCExtension.m in Sources */ = {isa = PBXBuildFile; fileRef = D9B48DCF1C97F54600D36FAD /* UIView+RGCExtension.m */; };
		D9B48DDC1C97FD3C00D36FAD /* RGCRecommendViewController.m in Sources */ = {isa = PBXBuildFile; fileRef = D9B48DDA1C97FD3C00D36FAD /* RGCRecommendViewController.m */; };
		D9B48DDD1C97FD3C00D36FAD /* RGCRecommendViewController.xib in Resources */ = {isa = PBXBuildFile; fileRef = D9B48DDB1C97FD3C00D36FAD /* RGCRecommendViewController.xib */; };
		D9B48DE01C97FF2900D36FAD /* RGCRecommendCategory.m in Sources */ = {isa = PBXBuildFile; fileRef = D9B48DDF1C97FF2900D36FAD /* RGCRecommendCategory.m */; };
		D9B48DE41C98018500D36FAD /* RGCRecommendCategoryCell.m in Sources */ = {isa = PBXBuildFile; fileRef = D9B48DE21C98018500D36FAD /* RGCRecommendCategoryCell.m */; };
		D9B48DE51C98018500D36FAD /* RGCRecommendCategoryCell.xib in Resources */ = {isa = PBXBuildFile; fileRef = D9B48DE31C98018500D36FAD /* RGCRecommendCategoryCell.xib */; };
		D9B48DE91C9849FF00D36FAD /* RGCRecommendUserCell.m in Sources */ = {isa = PBXBuildFile; fileRef = D9B48DE71C9849FF00D36FAD /* RGCRecommendUserCell.m */; };
		D9B48DEA1C9849FF00D36FAD /* RGCRecommendUserCell.xib in Resources */ = {isa = PBXBuildFile; fileRef = D9B48DE81C9849FF00D36FAD /* RGCRecommendUserCell.xib */; };
		D9BCFCA81CB21AC000F0AE14 /* RGCTextField.m in Sources */ = {isa = PBXBuildFile; fileRef = D9BCFCA71CB21AC000F0AE14 /* RGCTextField.m */; };
		D9BCFCAB1CB2495F00F0AE14 /* RGCPushGuideView.m in Sources */ = {isa = PBXBuildFile; fileRef = D9BCFCAA1CB2495F00F0AE14 /* RGCPushGuideView.m */; };
		D9BCFCAD1CB249D600F0AE14 /* RGCPushGuideView.xib in Resources */ = {isa = PBXBuildFile; fileRef = D9BCFCAC1CB249D600F0AE14 /* RGCPushGuideView.xib */; };
		D9E75AAD1CE34BD2001F6A9F /* RGCTopicVoiceView.m in Sources */ = {isa = PBXBuildFile; fileRef = D9E75AAC1CE34BD2001F6A9F /* RGCTopicVoiceView.m */; };
		D9E75AAF1CE34BEA001F6A9F /* RGCTopicVoiceView.xib in Resources */ = {isa = PBXBuildFile; fileRef = D9E75AAE1CE34BEA001F6A9F /* RGCTopicVoiceView.xib */; };
/* End PBXBuildFile section */

/* Begin PBXFileReference section */
		07774A7560866395CF05F392 /* libPods.a */ = {isa = PBXFileReference; explicitFileType = archive.ar; includeInIndex = 0; path = libPods.a; sourceTree = BUILT_PRODUCTS_DIR; };
		2FD50AFA98A4E8AEACFEC42A /* Pods.debug.xcconfig */ = {isa = PBXFileReference; includeInIndex = 1; lastKnownFileType = text.xcconfig; name = Pods.debug.xcconfig; path = "Pods/Target Support Files/Pods/Pods.debug.xcconfig"; sourceTree = "<group>"; };
		557A589194A40C4B6444D3AD /* Pods.release.xcconfig */ = {isa = PBXFileReference; includeInIndex = 1; lastKnownFileType = text.xcconfig; name = Pods.release.xcconfig; path = "Pods/Target Support Files/Pods/Pods.release.xcconfig"; sourceTree = "<group>"; };
		D923563C1CAC01B6004B3FFD /* RGCTabBar.h */ = {isa = PBXFileReference; fileEncoding = 4; lastKnownFileType = sourcecode.c.h; path = RGCTabBar.h; sourceTree = "<group>"; };
		D923563D1CAC01B6004B3FFD /* RGCTabBar.m */ = {isa = PBXFileReference; fileEncoding = 4; lastKnownFileType = sourcecode.c.objc; path = RGCTabBar.m; sourceTree = "<group>"; };
		D923563F1CAC30B9004B3FFD /* UIBarButtonItem+RGCExtension.h */ = {isa = PBXFileReference; fileEncoding = 4; lastKnownFileType = sourcecode.c.h; path = "UIBarButtonItem+RGCExtension.h"; sourceTree = "<group>"; };
		D92356401CAC30B9004B3FFD /* UIBarButtonItem+RGCExtension.m */ = {isa = PBXFileReference; fileEncoding = 4; lastKnownFileType = sourcecode.c.objc; path = "UIBarButtonItem+RGCExtension.m"; sourceTree = "<group>"; };
		D92356451CACABE7004B3FFD /* RGCNavigationController.h */ = {isa = PBXFileReference; fileEncoding = 4; lastKnownFileType = sourcecode.c.h; path = RGCNavigationController.h; sourceTree = "<group>"; };
		D92356461CACABE7004B3FFD /* RGCNavigationController.m */ = {isa = PBXFileReference; fileEncoding = 4; lastKnownFileType = sourcecode.c.objc; path = RGCNavigationController.m; sourceTree = "<group>"; };
		D923564D1CAD0117004B3FFD /* Foundation+Log.m */ = {isa = PBXFileReference; fileEncoding = 4; lastKnownFileType = sourcecode.c.objc; path = "Foundation+Log.m"; sourceTree = "<group>"; };
		D923564F1CAD0BB4004B3FFD /* RGCRecommendUser.h */ = {isa = PBXFileReference; fileEncoding = 4; lastKnownFileType = sourcecode.c.h; path = RGCRecommendUser.h; sourceTree = "<group>"; };
		D92356501CAD0BB4004B3FFD /* RGCRecommendUser.m */ = {isa = PBXFileReference; fileEncoding = 4; lastKnownFileType = sourcecode.c.objc; path = RGCRecommendUser.m; sourceTree = "<group>"; };
		D92356551CAE7711004B3FFD /* RGCRecommendTagsViewController.h */ = {isa = PBXFileReference; fileEncoding = 4; lastKnownFileType = sourcecode.c.h; path = RGCRecommendTagsViewController.h; sourceTree = "<group>"; };
		D92356561CAE7711004B3FFD /* RGCRecommendTagsViewController.m */ = {isa = PBXFileReference; fileEncoding = 4; lastKnownFileType = sourcecode.c.objc; path = RGCRecommendTagsViewController.m; sourceTree = "<group>"; };
		D92356601CAF6D74004B3FFD /* RGCRecommendTagCell.h */ = {isa = PBXFileReference; fileEncoding = 4; lastKnownFileType = sourcecode.c.h; path = RGCRecommendTagCell.h; sourceTree = "<group>"; };
		D92356611CAF6D74004B3FFD /* RGCRecommendTagCell.m */ = {isa = PBXFileReference; fileEncoding = 4; lastKnownFileType = sourcecode.c.objc; path = RGCRecommendTagCell.m; sourceTree = "<group>"; };
		D92356621CAF6D74004B3FFD /* RGCRecommendTagCell.xib */ = {isa = PBXFileReference; fileEncoding = 4; lastKnownFileType = file.xib; path = RGCRecommendTagCell.xib; sourceTree = "<group>"; };
		D92356651CB01928004B3FFD /* RGCRecommendTag.h */ = {isa = PBXFileReference; fileEncoding = 4; lastKnownFileType = sourcecode.c.h; path = RGCRecommendTag.h; sourceTree = "<group>"; };
		D92356661CB01928004B3FFD /* RGCRecommendTag.m */ = {isa = PBXFileReference; fileEncoding = 4; lastKnownFileType = sourcecode.c.objc; path = RGCRecommendTag.m; sourceTree = "<group>"; };
		D923566B1CB19335004B3FFD /* RGCLoginRegisterViewController.h */ = {isa = PBXFileReference; fileEncoding = 4; lastKnownFileType = sourcecode.c.h; path = RGCLoginRegisterViewController.h; sourceTree = "<group>"; };
		D923566C1CB19335004B3FFD /* RGCLoginRegisterViewController.m */ = {isa = PBXFileReference; fileEncoding = 4; lastKnownFileType = sourcecode.c.objc; path = RGCLoginRegisterViewController.m; sourceTree = "<group>"; };
		D923566D1CB19335004B3FFD /* RGCLoginRegisterViewController.xib */ = {isa = PBXFileReference; fileEncoding = 4; lastKnownFileType = file.xib; path = RGCLoginRegisterViewController.xib; sourceTree = "<group>"; };
		D92356701CB19DD3004B3FFD /* RGCVerticalButton.h */ = {isa = PBXFileReference; fileEncoding = 4; lastKnownFileType = sourcecode.c.h; path = RGCVerticalButton.h; sourceTree = "<group>"; };
		D92356711CB19DD3004B3FFD /* RGCVerticalButton.m */ = {isa = PBXFileReference; fileEncoding = 4; lastKnownFileType = sourcecode.c.objc; path = RGCVerticalButton.m; sourceTree = "<group>"; };
		D952953A1CCA09E80060A2AD /* RGCTopicCell.h */ = {isa = PBXFileReference; fileEncoding = 4; lastKnownFileType = sourcecode.c.h; path = RGCTopicCell.h; sourceTree = "<group>"; };
		D952953B1CCA09E80060A2AD /* RGCTopicCell.m */ = {isa = PBXFileReference; fileEncoding = 4; lastKnownFileType = sourcecode.c.objc; path = RGCTopicCell.m; sourceTree = "<group>"; };
		D952953C1CCA09E80060A2AD /* RGCTopicCell.xib */ = {isa = PBXFileReference; fileEncoding = 4; lastKnownFileType = file.xib; path = RGCTopicCell.xib; sourceTree = "<group>"; };
		D95295441CCBCCE00060A2AD /* NSDate+RGCExtension.h */ = {isa = PBXFileReference; fileEncoding = 4; lastKnownFileType = sourcecode.c.h; path = "NSDate+RGCExtension.h"; sourceTree = "<group>"; };
		D95295451CCBCCE00060A2AD /* NSDate+RGCExtension.m */ = {isa = PBXFileReference; fileEncoding = 4; lastKnownFileType = sourcecode.c.objc; path = "NSDate+RGCExtension.m"; sourceTree = "<group>"; };
		D95295471CCC5A760060A2AD /* RGCTopicViewController.h */ = {isa = PBXFileReference; fileEncoding = 4; lastKnownFileType = sourcecode.c.h; path = RGCTopicViewController.h; sourceTree = "<group>"; };
		D95295481CCC5A760060A2AD /* RGCTopicViewController.m */ = {isa = PBXFileReference; fileEncoding = 4; lastKnownFileType = sourcecode.c.objc; path = RGCTopicViewController.m; sourceTree = "<group>"; };
		D952954A1CCE169D0060A2AD /* RGCTopicPictureView.h */ = {isa = PBXFileReference; fileEncoding = 4; lastKnownFileType = sourcecode.c.h; path = RGCTopicPictureView.h; sourceTree = "<group>"; };
		D952954B1CCE169D0060A2AD /* RGCTopicPictureView.m */ = {isa = PBXFileReference; fileEncoding = 4; lastKnownFileType = sourcecode.c.objc; path = RGCTopicPictureView.m; sourceTree = "<group>"; };
		D952954D1CCE16AD0060A2AD /* RGCTopicPictureView.xib */ = {isa = PBXFileReference; fileEncoding = 4; lastKnownFileType = file.xib; path = RGCTopicPictureView.xib; sourceTree = "<group>"; };
		D96E07991CD0A5B700076AC3 /* RGCProgressView.h */ = {isa = PBXFileReference; fileEncoding = 4; lastKnownFileType = sourcecode.c.h; path = RGCProgressView.h; sourceTree = "<group>"; };
		D96E079A1CD0A5B700076AC3 /* RGCProgressView.m */ = {isa = PBXFileReference; fileEncoding = 4; lastKnownFileType = sourcecode.c.objc; path = RGCProgressView.m; sourceTree = "<group>"; };
		D96E079C1CD0B78900076AC3 /* RGCShowPictureViewController.h */ = {isa = PBXFileReference; fileEncoding = 4; lastKnownFileType = sourcecode.c.h; path = RGCShowPictureViewController.h; sourceTree = "<group>"; };
		D96E079D1CD0B78900076AC3 /* RGCShowPictureViewController.m */ = {isa = PBXFileReference; fileEncoding = 4; lastKnownFileType = sourcecode.c.objc; path = RGCShowPictureViewController.m; sourceTree = "<group>"; };
		D96E079E1CD0B78900076AC3 /* RGCShowPictureViewController.xib */ = {isa = PBXFileReference; fileEncoding = 4; lastKnownFileType = file.xib; path = RGCShowPictureViewController.xib; sourceTree = "<group>"; };
		D96F8D891CD35363005E9D70 /* RGCPublishViewController.h */ = {isa = PBXFileReference; fileEncoding = 4; lastKnownFileType = sourcecode.c.h; path = RGCPublishViewController.h; sourceTree = "<group>"; };
		D96F8D8A1CD35363005E9D70 /* RGCPublishViewController.m */ = {isa = PBXFileReference; fileEncoding = 4; lastKnownFileType = sourcecode.c.objc; path = RGCPublishViewController.m; sourceTree = "<group>"; };
		D96F8D8B1CD35363005E9D70 /* RGCPublishViewController.xib */ = {isa = PBXFileReference; fileEncoding = 4; lastKnownFileType = file.xib; path = RGCPublishViewController.xib; sourceTree = "<group>"; };
		D97AE0271CC3BF9D00BDA689 /* RGCTopic.h */ = {isa = PBXFileReference; fileEncoding = 4; lastKnownFileType = sourcecode.c.h; path = RGCTopic.h; sourceTree = "<group>"; };
		D97AE0281CC3BF9D00BDA689 /* RGCTopic.m */ = {isa = PBXFileReference; fileEncoding = 4; lastKnownFileType = sourcecode.c.objc; path = RGCTopic.m; sourceTree = "<group>"; };
		D97AE02A1CC3E80400BDA689 /* RGCConst.h */ = {isa = PBXFileReference; fileEncoding = 4; lastKnownFileType = sourcecode.c.h; path = RGCConst.h; sourceTree = "<group>"; };
		D97AE02B1CC3E80400BDA689 /* RGCConst.m */ = {isa = PBXFileReference; fileEncoding = 4; lastKnownFileType = sourcecode.c.objc; path = RGCConst.m; sourceTree = "<group>"; };
		D9A89A3B1CABC13100F409DD /* RGCMainViewController.h */ = {isa = PBXFileReference; fileEncoding = 4; lastKnownFileType = sourcecode.c.h; path = RGCMainViewController.h; sourceTree = "<group>"; };
		D9A89A3C1CABC13100F409DD /* RGCMainViewController.m */ = {isa = PBXFileReference; fileEncoding = 4; lastKnownFileType = sourcecode.c.objc; path = RGCMainViewController.m; sourceTree = "<group>"; };
		D9A89A3E1CABC4CD00F409DD /* RGCEssenceViewController.h */ = {isa = PBXFileReference; fileEncoding = 4; lastKnownFileType = sourcecode.c.h; path = RGCEssenceViewController.h; sourceTree = "<group>"; };
		D9A89A3F1CABC4CD00F409DD /* RGCEssenceViewController.m */ = {isa = PBXFileReference; fileEncoding = 4; lastKnownFileType = sourcecode.c.objc; path = RGCEssenceViewController.m; sourceTree = "<group>"; };
		D9A89A411CABC52000F409DD /* RGCMeViewController.h */ = {isa = PBXFileReference; fileEncoding = 4; lastKnownFileType = sourcecode.c.h; path = RGCMeViewController.h; sourceTree = "<group>"; };
		D9A89A421CABC52000F409DD /* RGCMeViewController.m */ = {isa = PBXFileReference; fileEncoding = 4; lastKnownFileType = sourcecode.c.objc; path = RGCMeViewController.m; sourceTree = "<group>"; };
		D9A89A441CABC52C00F409DD /* RGCNewViewController.h */ = {isa = PBXFileReference; fileEncoding = 4; lastKnownFileType = sourcecode.c.h; path = RGCNewViewController.h; sourceTree = "<group>"; };
		D9A89A451CABC52C00F409DD /* RGCNewViewController.m */ = {isa = PBXFileReference; fileEncoding = 4; lastKnownFileType = sourcecode.c.objc; path = RGCNewViewController.m; sourceTree = "<group>"; };
		D9B48D891C9457CD00D36FAD /* BSBDQJ.app */ = {isa = PBXFileReference; explicitFileType = wrapper.application; includeInIndex = 0; path = BSBDQJ.app; sourceTree = BUILT_PRODUCTS_DIR; };
		D9B48D981C9457CD00D36FAD /* Assets.xcassets */ = {isa = PBXFileReference; lastKnownFileType = folder.assetcatalog; path = Assets.xcassets; sourceTree = "<group>"; };
		D9B48D9D1C9457CE00D36FAD /* Info.plist */ = {isa = PBXFileReference; lastKnownFileType = text.plist.xml; path = Info.plist; sourceTree = "<group>"; };
		D9B48DC71C97F54600D36FAD /* AppDelegate.h */ = {isa = PBXFileReference; fileEncoding = 4; lastKnownFileType = sourcecode.c.h; path = AppDelegate.h; sourceTree = "<group>"; };
		D9B48DC81C97F54600D36FAD /* AppDelegate.m */ = {isa = PBXFileReference; fileEncoding = 4; lastKnownFileType = sourcecode.c.objc; path = AppDelegate.m; sourceTree = "<group>"; };
		D9B48DC91C97F54600D36FAD /* main.m */ = {isa = PBXFileReference; fileEncoding = 4; lastKnownFileType = sourcecode.c.objc; path = main.m; sourceTree = "<group>"; };
		D9B48DCA1C97F54600D36FAD /* PrefixHeader.pch */ = {isa = PBXFileReference; fileEncoding = 4; lastKnownFileType = sourcecode.c.h; path = PrefixHeader.pch; sourceTree = "<group>"; };
		D9B48DCB1C97F54600D36FAD /* RGCFriendTrendViewController.h */ = {isa = PBXFileReference; fileEncoding = 4; lastKnownFileType = sourcecode.c.h; name = RGCFriendTrendViewController.h; path = ../../RGCFriendTrendViewController.h; sourceTree = "<group>"; };
		D9B48DCC1C97F54600D36FAD /* RGCFriendTrendViewController.m */ = {isa = PBXFileReference; fileEncoding = 4; lastKnownFileType = sourcecode.c.objc; name = RGCFriendTrendViewController.m; path = ../../RGCFriendTrendViewController.m; sourceTree = "<group>"; };
		D9B48DCD1C97F54600D36FAD /* RGCFriendTrendViewController.xib */ = {isa = PBXFileReference; fileEncoding = 4; lastKnownFileType = file.xib; name = RGCFriendTrendViewController.xib; path = ../../RGCFriendTrendViewController.xib; sourceTree = "<group>"; };
		D9B48DCE1C97F54600D36FAD /* UIView+RGCExtension.h */ = {isa = PBXFileReference; fileEncoding = 4; lastKnownFileType = sourcecode.c.h; name = "UIView+RGCExtension.h"; path = "../../UIView+RGCExtension.h"; sourceTree = "<group>"; };
		D9B48DCF1C97F54600D36FAD /* UIView+RGCExtension.m */ = {isa = PBXFileReference; fileEncoding = 4; lastKnownFileType = sourcecode.c.objc; name = "UIView+RGCExtension.m"; path = "../../UIView+RGCExtension.m"; sourceTree = "<group>"; };
		D9B48DD91C97FD3C00D36FAD /* RGCRecommendViewController.h */ = {isa = PBXFileReference; fileEncoding = 4; lastKnownFileType = sourcecode.c.h; path = RGCRecommendViewController.h; sourceTree = "<group>"; };
		D9B48DDA1C97FD3C00D36FAD /* RGCRecommendViewController.m */ = {isa = PBXFileReference; fileEncoding = 4; lastKnownFileType = sourcecode.c.objc; path = RGCRecommendViewController.m; sourceTree = "<group>"; };
		D9B48DDB1C97FD3C00D36FAD /* RGCRecommendViewController.xib */ = {isa = PBXFileReference; fileEncoding = 4; lastKnownFileType = file.xib; path = RGCRecommendViewController.xib; sourceTree = "<group>"; };
		D9B48DDE1C97FF2900D36FAD /* RGCRecommendCategory.h */ = {isa = PBXFileReference; fileEncoding = 4; lastKnownFileType = sourcecode.c.h; path = RGCRecommendCategory.h; sourceTree = "<group>"; };
		D9B48DDF1C97FF2900D36FAD /* RGCRecommendCategory.m */ = {isa = PBXFileReference; fileEncoding = 4; lastKnownFileType = sourcecode.c.objc; path = RGCRecommendCategory.m; sourceTree = "<group>"; };
		D9B48DE11C98018500D36FAD /* RGCRecommendCategoryCell.h */ = {isa = PBXFileReference; fileEncoding = 4; lastKnownFileType = sourcecode.c.h; path = RGCRecommendCategoryCell.h; sourceTree = "<group>"; };
		D9B48DE21C98018500D36FAD /* RGCRecommendCategoryCell.m */ = {isa = PBXFileReference; fileEncoding = 4; lastKnownFileType = sourcecode.c.objc; path = RGCRecommendCategoryCell.m; sourceTree = "<group>"; };
		D9B48DE31C98018500D36FAD /* RGCRecommendCategoryCell.xib */ = {isa = PBXFileReference; fileEncoding = 4; lastKnownFileType = file.xib; path = RGCRecommendCategoryCell.xib; sourceTree = "<group>"; };
		D9B48DE61C9849FF00D36FAD /* RGCRecommendUserCell.h */ = {isa = PBXFileReference; fileEncoding = 4; lastKnownFileType = sourcecode.c.h; path = RGCRecommendUserCell.h; sourceTree = "<group>"; };
		D9B48DE71C9849FF00D36FAD /* RGCRecommendUserCell.m */ = {isa = PBXFileReference; fileEncoding = 4; lastKnownFileType = sourcecode.c.objc; path = RGCRecommendUserCell.m; sourceTree = "<group>"; };
		D9B48DE81C9849FF00D36FAD /* RGCRecommendUserCell.xib */ = {isa = PBXFileReference; fileEncoding = 4; lastKnownFileType = file.xib; path = RGCRecommendUserCell.xib; sourceTree = "<group>"; };
		D9BCFCA61CB21AC000F0AE14 /* RGCTextField.h */ = {isa = PBXFileReference; fileEncoding = 4; lastKnownFileType = sourcecode.c.h; path = RGCTextField.h; sourceTree = "<group>"; };
		D9BCFCA71CB21AC000F0AE14 /* RGCTextField.m */ = {isa = PBXFileReference; fileEncoding = 4; lastKnownFileType = sourcecode.c.objc; path = RGCTextField.m; sourceTree = "<group>"; };
		D9BCFCA91CB2495F00F0AE14 /* RGCPushGuideView.h */ = {isa = PBXFileReference; fileEncoding = 4; lastKnownFileType = sourcecode.c.h; path = RGCPushGuideView.h; sourceTree = "<group>"; };
		D9BCFCAA1CB2495F00F0AE14 /* RGCPushGuideView.m */ = {isa = PBXFileReference; fileEncoding = 4; lastKnownFileType = sourcecode.c.objc; path = RGCPushGuideView.m; sourceTree = "<group>"; };
		D9BCFCAC1CB249D600F0AE14 /* RGCPushGuideView.xib */ = {isa = PBXFileReference; fileEncoding = 4; lastKnownFileType = file.xib; path = RGCPushGuideView.xib; sourceTree = "<group>"; };
		D9E75AAB1CE34BD2001F6A9F /* RGCTopicVoiceView.h */ = {isa = PBXFileReference; fileEncoding = 4; lastKnownFileType = sourcecode.c.h; path = RGCTopicVoiceView.h; sourceTree = "<group>"; };
		D9E75AAC1CE34BD2001F6A9F /* RGCTopicVoiceView.m */ = {isa = PBXFileReference; fileEncoding = 4; lastKnownFileType = sourcecode.c.objc; path = RGCTopicVoiceView.m; sourceTree = "<group>"; };
		D9E75AAE1CE34BEA001F6A9F /* RGCTopicVoiceView.xib */ = {isa = PBXFileReference; fileEncoding = 4; lastKnownFileType = file.xib; path = RGCTopicVoiceView.xib; sourceTree = "<group>"; };
/* End PBXFileReference section */

/* Begin PBXFrameworksBuildPhase section */
		D9B48D861C9457CD00D36FAD /* Frameworks */ = {
			isa = PBXFrameworksBuildPhase;
			buildActionMask = 2147483647;
			files = (
				D7E8736A847AEFD685C518C5 /* libPods.a in Frameworks */,
			);
			runOnlyForDeploymentPostprocessing = 0;
		};
/* End PBXFrameworksBuildPhase section */

/* Begin PBXGroup section */
		7E2F3ADDD1841E9995CBDBE7 /* Frameworks */ = {
			isa = PBXGroup;
			children = (
				07774A7560866395CF05F392 /* libPods.a */,
			);
			name = Frameworks;
			sourceTree = "<group>";
		};
		D9B48D801C9457CD00D36FAD = {
			isa = PBXGroup;
			children = (
				D9B48D8B1C9457CD00D36FAD /* BSBDQJ */,
				D9B48D8A1C9457CD00D36FAD /* Products */,
				F5A9127DC3C156733B313598 /* Pods */,
				7E2F3ADDD1841E9995CBDBE7 /* Frameworks */,
			);
			sourceTree = "<group>";
		};
		D9B48D8A1C9457CD00D36FAD /* Products */ = {
			isa = PBXGroup;
			children = (
				D9B48D891C9457CD00D36FAD /* BSBDQJ.app */,
			);
			name = Products;
			sourceTree = "<group>";
		};
		D9B48D8B1C9457CD00D36FAD /* BSBDQJ */ = {
			isa = PBXGroup;
			children = (
				D9B48DAC1C97F54600D36FAD /* Classes */,
				D9B48D8C1C9457CD00D36FAD /* Supporting Files */,
			);
			path = BSBDQJ;
			sourceTree = "<group>";
		};
		D9B48D8C1C9457CD00D36FAD /* Supporting Files */ = {
			isa = PBXGroup;
			children = (
				D9B48D981C9457CD00D36FAD /* Assets.xcassets */,
				D9B48D9D1C9457CE00D36FAD /* Info.plist */,
			);
			name = "Supporting Files";
			sourceTree = "<group>";
		};
		D9B48DAC1C97F54600D36FAD /* Classes */ = {
			isa = PBXGroup;
			children = (
				D9B48DAD1C97F54600D36FAD /* Essence */,
				D9B48DB21C97F54600D36FAD /* FriendTrends */,
				D9B48DB71C97F54600D36FAD /* Main */,
				D9B48DBC1C97F54600D36FAD /* Me */,
				D9B48DC11C97F54600D36FAD /* New */,
				D9B48DC61C97F54600D36FAD /* Other */,
			);
			path = Classes;
			sourceTree = "<group>";
		};
		D9B48DAD1C97F54600D36FAD /* Essence */ = {
			isa = PBXGroup;
			children = (
				D9B48DAE1C97F54600D36FAD /* Controller */,
				D9B48DAF1C97F54600D36FAD /* Model */,
				D9B48DB01C97F54600D36FAD /* Tool */,
				D9B48DB11C97F54600D36FAD /* View */,
			);
			path = Essence;
			sourceTree = "<group>";
		};
		D9B48DAE1C97F54600D36FAD /* Controller */ = {
			isa = PBXGroup;
			children = (
				D9A89A3E1CABC4CD00F409DD /* RGCEssenceViewController.h */,
				D9A89A3F1CABC4CD00F409DD /* RGCEssenceViewController.m */,
				D92356551CAE7711004B3FFD /* RGCRecommendTagsViewController.h */,
				D92356561CAE7711004B3FFD /* RGCRecommendTagsViewController.m */,
				D95295471CCC5A760060A2AD /* RGCTopicViewController.h */,
				D95295481CCC5A760060A2AD /* RGCTopicViewController.m */,
				D96E079C1CD0B78900076AC3 /* RGCShowPictureViewController.h */,
				D96E079D1CD0B78900076AC3 /* RGCShowPictureViewController.m */,
				D96E079E1CD0B78900076AC3 /* RGCShowPictureViewController.xib */,
			);
			path = Controller;
			sourceTree = "<group>";
		};
		D9B48DAF1C97F54600D36FAD /* Model */ = {
			isa = PBXGroup;
			children = (
				D92356651CB01928004B3FFD /* RGCRecommendTag.h */,
				D92356661CB01928004B3FFD /* RGCRecommendTag.m */,
				D97AE0271CC3BF9D00BDA689 /* RGCTopic.h */,
				D97AE0281CC3BF9D00BDA689 /* RGCTopic.m */,
			);
			path = Model;
			sourceTree = "<group>";
		};
		D9B48DB01C97F54600D36FAD /* Tool */ = {
			isa = PBXGroup;
			children = (
			);
			path = Tool;
			sourceTree = "<group>";
		};
		D9B48DB11C97F54600D36FAD /* View */ = {
			isa = PBXGroup;
			children = (
				D92356601CAF6D74004B3FFD /* RGCRecommendTagCell.h */,
				D92356611CAF6D74004B3FFD /* RGCRecommendTagCell.m */,
				D92356621CAF6D74004B3FFD /* RGCRecommendTagCell.xib */,
				D952953A1CCA09E80060A2AD /* RGCTopicCell.h */,
				D952953B1CCA09E80060A2AD /* RGCTopicCell.m */,
				D952953C1CCA09E80060A2AD /* RGCTopicCell.xib */,
				D952954A1CCE169D0060A2AD /* RGCTopicPictureView.h */,
				D952954B1CCE169D0060A2AD /* RGCTopicPictureView.m */,
				D952954D1CCE16AD0060A2AD /* RGCTopicPictureView.xib */,
				D96E07991CD0A5B700076AC3 /* RGCProgressView.h */,
				D96E079A1CD0A5B700076AC3 /* RGCProgressView.m */,
				D9E75AAB1CE34BD2001F6A9F /* RGCTopicVoiceView.h */,
				D9E75AAC1CE34BD2001F6A9F /* RGCTopicVoiceView.m */,
				D9E75AAE1CE34BEA001F6A9F /* RGCTopicVoiceView.xib */,
			);
			path = View;
			sourceTree = "<group>";
		};
		D9B48DB21C97F54600D36FAD /* FriendTrends */ = {
			isa = PBXGroup;
			children = (
				D9B48DB31C97F54600D36FAD /* Controller */,
				D9B48DB41C97F54600D36FAD /* Model */,
				D9B48DB51C97F54600D36FAD /* Tool */,
				D9B48DB61C97F54600D36FAD /* View */,
			);
			path = FriendTrends;
			sourceTree = "<group>";
		};
		D9B48DB31C97F54600D36FAD /* Controller */ = {
			isa = PBXGroup;
			children = (
				D9B48DCB1C97F54600D36FAD /* RGCFriendTrendViewController.h */,
				D9B48DCC1C97F54600D36FAD /* RGCFriendTrendViewController.m */,
				D9B48DCD1C97F54600D36FAD /* RGCFriendTrendViewController.xib */,
				D9B48DD91C97FD3C00D36FAD /* RGCRecommendViewController.h */,
				D9B48DDA1C97FD3C00D36FAD /* RGCRecommendViewController.m */,
				D9B48DDB1C97FD3C00D36FAD /* RGCRecommendViewController.xib */,
				D923566B1CB19335004B3FFD /* RGCLoginRegisterViewController.h */,
				D923566C1CB19335004B3FFD /* RGCLoginRegisterViewController.m */,
				D923566D1CB19335004B3FFD /* RGCLoginRegisterViewController.xib */,
			);
			path = Controller;
			sourceTree = "<group>";
		};
		D9B48DB41C97F54600D36FAD /* Model */ = {
			isa = PBXGroup;
			children = (
				D9B48DDE1C97FF2900D36FAD /* RGCRecommendCategory.h */,
				D9B48DDF1C97FF2900D36FAD /* RGCRecommendCategory.m */,
				D923564F1CAD0BB4004B3FFD /* RGCRecommendUser.h */,
				D92356501CAD0BB4004B3FFD /* RGCRecommendUser.m */,
			);
			path = Model;
			sourceTree = "<group>";
		};
		D9B48DB51C97F54600D36FAD /* Tool */ = {
			isa = PBXGroup;
			children = (
			);
			path = Tool;
			sourceTree = "<group>";
		};
		D9B48DB61C97F54600D36FAD /* View */ = {
			isa = PBXGroup;
			children = (
				D9B48DE11C98018500D36FAD /* RGCRecommendCategoryCell.h */,
				D9B48DE21C98018500D36FAD /* RGCRecommendCategoryCell.m */,
				D9B48DE31C98018500D36FAD /* RGCRecommendCategoryCell.xib */,
				D9B48DE61C9849FF00D36FAD /* RGCRecommendUserCell.h */,
				D9B48DE71C9849FF00D36FAD /* RGCRecommendUserCell.m */,
				D9B48DE81C9849FF00D36FAD /* RGCRecommendUserCell.xib */,
				D92356701CB19DD3004B3FFD /* RGCVerticalButton.h */,
				D92356711CB19DD3004B3FFD /* RGCVerticalButton.m */,
				D9BCFCA61CB21AC000F0AE14 /* RGCTextField.h */,
				D9BCFCA71CB21AC000F0AE14 /* RGCTextField.m */,
			);
			path = View;
			sourceTree = "<group>";
		};
		D9B48DB71C97F54600D36FAD /* Main */ = {
			isa = PBXGroup;
			children = (
				D9B48DD81C97FB7000D36FAD /* Category */,
				D9B48DB81C97F54600D36FAD /* Controller */,
				D9B48DB91C97F54600D36FAD /* Model */,
				D9B48DBA1C97F54600D36FAD /* Tool */,
				D9B48DBB1C97F54600D36FAD /* View */,
			);
			path = Main;
			sourceTree = "<group>";
		};
		D9B48DB81C97F54600D36FAD /* Controller */ = {
			isa = PBXGroup;
			children = (
				D9A89A3B1CABC13100F409DD /* RGCMainViewController.h */,
				D9A89A3C1CABC13100F409DD /* RGCMainViewController.m */,
				D92356451CACABE7004B3FFD /* RGCNavigationController.h */,
				D92356461CACABE7004B3FFD /* RGCNavigationController.m */,
				D96F8D891CD35363005E9D70 /* RGCPublishViewController.h */,
				D96F8D8A1CD35363005E9D70 /* RGCPublishViewController.m */,
				D96F8D8B1CD35363005E9D70 /* RGCPublishViewController.xib */,
			);
			path = Controller;
			sourceTree = "<group>";
		};
		D9B48DB91C97F54600D36FAD /* Model */ = {
			isa = PBXGroup;
			children = (
			);
			path = Model;
			sourceTree = "<group>";
		};
		D9B48DBA1C97F54600D36FAD /* Tool */ = {
			isa = PBXGroup;
			children = (
			);
			path = Tool;
			sourceTree = "<group>";
		};
		D9B48DBB1C97F54600D36FAD /* View */ = {
			isa = PBXGroup;
			children = (
				D923563C1CAC01B6004B3FFD /* RGCTabBar.h */,
				D923563D1CAC01B6004B3FFD /* RGCTabBar.m */,
				D9BCFCA91CB2495F00F0AE14 /* RGCPushGuideView.h */,
				D9BCFCAA1CB2495F00F0AE14 /* RGCPushGuideView.m */,
				D9BCFCAC1CB249D600F0AE14 /* RGCPushGuideView.xib */,
			);
			path = View;
			sourceTree = "<group>";
		};
		D9B48DBC1C97F54600D36FAD /* Me */ = {
			isa = PBXGroup;
			children = (
				D9B48DBD1C97F54600D36FAD /* Controller */,
				D9B48DBE1C97F54600D36FAD /* Model */,
				D9B48DBF1C97F54600D36FAD /* Tool */,
				D9B48DC01C97F54600D36FAD /* View */,
			);
			path = Me;
			sourceTree = "<group>";
		};
		D9B48DBD1C97F54600D36FAD /* Controller */ = {
			isa = PBXGroup;
			children = (
				D9A89A411CABC52000F409DD /* RGCMeViewController.h */,
				D9A89A421CABC52000F409DD /* RGCMeViewController.m */,
			);
			path = Controller;
			sourceTree = "<group>";
		};
		D9B48DBE1C97F54600D36FAD /* Model */ = {
			isa = PBXGroup;
			children = (
			);
			path = Model;
			sourceTree = "<group>";
		};
		D9B48DBF1C97F54600D36FAD /* Tool */ = {
			isa = PBXGroup;
			children = (
			);
			path = Tool;
			sourceTree = "<group>";
		};
		D9B48DC01C97F54600D36FAD /* View */ = {
			isa = PBXGroup;
			children = (
			);
			path = View;
			sourceTree = "<group>";
		};
		D9B48DC11C97F54600D36FAD /* New */ = {
			isa = PBXGroup;
			children = (
				D9B48DC21C97F54600D36FAD /* Controller */,
				D9B48DC31C97F54600D36FAD /* Model */,
				D9B48DC41C97F54600D36FAD /* Tool */,
				D9B48DC51C97F54600D36FAD /* View */,
			);
			path = New;
			sourceTree = "<group>";
		};
		D9B48DC21C97F54600D36FAD /* Controller */ = {
			isa = PBXGroup;
			children = (
				D9A89A441CABC52C00F409DD /* RGCNewViewController.h */,
				D9A89A451CABC52C00F409DD /* RGCNewViewController.m */,
			);
			path = Controller;
			sourceTree = "<group>";
		};
		D9B48DC31C97F54600D36FAD /* Model */ = {
			isa = PBXGroup;
			children = (
			);
			path = Model;
			sourceTree = "<group>";
		};
		D9B48DC41C97F54600D36FAD /* Tool */ = {
			isa = PBXGroup;
			children = (
			);
			path = Tool;
			sourceTree = "<group>";
		};
		D9B48DC51C97F54600D36FAD /* View */ = {
			isa = PBXGroup;
			children = (
			);
			path = View;
			sourceTree = "<group>";
		};
		D9B48DC61C97F54600D36FAD /* Other */ = {
			isa = PBXGroup;
			children = (
				D923564D1CAD0117004B3FFD /* Foundation+Log.m */,
				D9B48DC71C97F54600D36FAD /* AppDelegate.h */,
				D9B48DC81C97F54600D36FAD /* AppDelegate.m */,
				D9B48DC91C97F54600D36FAD /* main.m */,
				D9B48DCA1C97F54600D36FAD /* PrefixHeader.pch */,
				D97AE02A1CC3E80400BDA689 /* RGCConst.h */,
				D97AE02B1CC3E80400BDA689 /* RGCConst.m */,
			);
			path = Other;
			sourceTree = "<group>";
		};
		D9B48DD81C97FB7000D36FAD /* Category */ = {
			isa = PBXGroup;
			children = (
				D9B48DCE1C97F54600D36FAD /* UIView+RGCExtension.h */,
				D9B48DCF1C97F54600D36FAD /* UIView+RGCExtension.m */,
				D923563F1CAC30B9004B3FFD /* UIBarButtonItem+RGCExtension.h */,
				D92356401CAC30B9004B3FFD /* UIBarButtonItem+RGCExtension.m */,
				D95295441CCBCCE00060A2AD /* NSDate+RGCExtension.h */,
				D95295451CCBCCE00060A2AD /* NSDate+RGCExtension.m */,
			);
			path = Category;
			sourceTree = "<group>";
		};
		F5A9127DC3C156733B313598 /* Pods */ = {
			isa = PBXGroup;
			children = (
				2FD50AFA98A4E8AEACFEC42A /* Pods.debug.xcconfig */,
				557A589194A40C4B6444D3AD /* Pods.release.xcconfig */,
			);
			name = Pods;
			sourceTree = "<group>";
		};
/* End PBXGroup section */

/* Begin PBXNativeTarget section */
		D9B48D881C9457CD00D36FAD /* BSBDQJ */ = {
			isa = PBXNativeTarget;
			buildConfigurationList = D9B48DA01C9457CE00D36FAD /* Build configuration list for PBXNativeTarget "BSBDQJ" */;
			buildPhases = (
				1DABC6F785401C4679076EFC /* Check Pods Manifest.lock */,
				D9B48D851C9457CD00D36FAD /* Sources */,
				D9B48D861C9457CD00D36FAD /* Frameworks */,
				D9B48D871C9457CD00D36FAD /* Resources */,
				22C8C08C2EFB164A5B97D9E7 /* Embed Pods Frameworks */,
				9B022B6A2F0E3B0631F9D750 /* Copy Pods Resources */,
			);
			buildRules = (
			);
			dependencies = (
			);
			name = BSBDQJ;
			productName = BSBDQJ;
			productReference = D9B48D891C9457CD00D36FAD /* BSBDQJ.app */;
			productType = "com.apple.product-type.application";
		};
/* End PBXNativeTarget section */

/* Begin PBXProject section */
		D9B48D811C9457CD00D36FAD /* Project object */ = {
			isa = PBXProject;
			attributes = {
				CLASSPREFIX = RGC;
				LastUpgradeCheck = 0720;
				ORGANIZATIONNAME = RGC;
				TargetAttributes = {
					D9B48D881C9457CD00D36FAD = {
						CreatedOnToolsVersion = 7.2.1;
						DevelopmentTeam = 5Y4SU563DK;
					};
				};
			};
			buildConfigurationList = D9B48D841C9457CD00D36FAD /* Build configuration list for PBXProject "BSBDQJ" */;
			compatibilityVersion = "Xcode 3.2";
			developmentRegion = English;
			hasScannedForEncodings = 0;
			knownRegions = (
				en,
				Base,
			);
			mainGroup = D9B48D801C9457CD00D36FAD;
			productRefGroup = D9B48D8A1C9457CD00D36FAD /* Products */;
			projectDirPath = "";
			projectRoot = "";
			targets = (
				D9B48D881C9457CD00D36FAD /* BSBDQJ */,
			);
		};
/* End PBXProject section */

/* Begin PBXResourcesBuildPhase section */
		D9B48D871C9457CD00D36FAD /* Resources */ = {
			isa = PBXResourcesBuildPhase;
			buildActionMask = 2147483647;
			files = (
				D923566F1CB19335004B3FFD /* RGCLoginRegisterViewController.xib in Resources */,
				D96E07A01CD0B78900076AC3 /* RGCShowPictureViewController.xib in Resources */,
				D92356641CAF6D74004B3FFD /* RGCRecommendTagCell.xib in Resources */,
				D9BCFCAD1CB249D600F0AE14 /* RGCPushGuideView.xib in Resources */,
				D9B48DDD1C97FD3C00D36FAD /* RGCRecommendViewController.xib in Resources */,
				D9B48DE51C98018500D36FAD /* RGCRecommendCategoryCell.xib in Resources */,
				D9B48DD51C97F54600D36FAD /* RGCFriendTrendViewController.xib in Resources */,
				D9B48D991C9457CD00D36FAD /* Assets.xcassets in Resources */,
				D9B48DEA1C9849FF00D36FAD /* RGCRecommendUserCell.xib in Resources */,
				D9E75AAF1CE34BEA001F6A9F /* RGCTopicVoiceView.xib in Resources */,
				D952954E1CCE16AD0060A2AD /* RGCTopicPictureView.xib in Resources */,
				D952953E1CCA09E80060A2AD /* RGCTopicCell.xib in Resources */,
				D96F8D8D1CD35363005E9D70 /* RGCPublishViewController.xib in Resources */,
			);
			runOnlyForDeploymentPostprocessing = 0;
		};
/* End PBXResourcesBuildPhase section */

/* Begin PBXShellScriptBuildPhase section */
		1DABC6F785401C4679076EFC /* Check Pods Manifest.lock */ = {
			isa = PBXShellScriptBuildPhase;
			buildActionMask = 2147483647;
			files = (
			);
			inputPaths = (
			);
			name = "Check Pods Manifest.lock";
			outputPaths = (
			);
			runOnlyForDeploymentPostprocessing = 0;
			shellPath = /bin/sh;
			shellScript = "diff \"${PODS_ROOT}/../Podfile.lock\" \"${PODS_ROOT}/Manifest.lock\" > /dev/null\nif [[ $? != 0 ]] ; then\n    cat << EOM\nerror: The sandbox is not in sync with the Podfile.lock. Run 'pod install' or update your CocoaPods installation.\nEOM\n    exit 1\nfi\n";
			showEnvVarsInLog = 0;
		};
		22C8C08C2EFB164A5B97D9E7 /* Embed Pods Frameworks */ = {
			isa = PBXShellScriptBuildPhase;
			buildActionMask = 2147483647;
			files = (
			);
			inputPaths = (
			);
			name = "Embed Pods Frameworks";
			outputPaths = (
			);
			runOnlyForDeploymentPostprocessing = 0;
			shellPath = /bin/sh;
			shellScript = "\"${SRCROOT}/Pods/Target Support Files/Pods/Pods-frameworks.sh\"\n";
			showEnvVarsInLog = 0;
		};
		9B022B6A2F0E3B0631F9D750 /* Copy Pods Resources */ = {
			isa = PBXShellScriptBuildPhase;
			buildActionMask = 2147483647;
			files = (
			);
			inputPaths = (
			);
			name = "Copy Pods Resources";
			outputPaths = (
			);
			runOnlyForDeploymentPostprocessing = 0;
			shellPath = /bin/sh;
			shellScript = "\"${SRCROOT}/Pods/Target Support Files/Pods/Pods-resources.sh\"\n";
			showEnvVarsInLog = 0;
		};
/* End PBXShellScriptBuildPhase section */

/* Begin PBXSourcesBuildPhase section */
		D9B48D851C9457CD00D36FAD /* Sources */ = {
			isa = PBXSourcesBuildPhase;
			buildActionMask = 2147483647;
			files = (
				D9B48DDC1C97FD3C00D36FAD /* RGCRecommendViewController.m in Sources */,
				D9BCFCA81CB21AC000F0AE14 /* RGCTextField.m in Sources */,
				D9B48DE41C98018500D36FAD /* RGCRecommendCategoryCell.m in Sources */,
				D952953D1CCA09E80060A2AD /* RGCTopicCell.m in Sources */,
				D92356671CB01928004B3FFD /* RGCRecommendTag.m in Sources */,
				D923566E1CB19335004B3FFD /* RGCLoginRegisterViewController.m in Sources */,
				D92356721CB19DD3004B3FFD /* RGCVerticalButton.m in Sources */,
				D96E079B1CD0A5B700076AC3 /* RGCProgressView.m in Sources */,
				D9A89A3D1CABC13100F409DD /* RGCMainViewController.m in Sources */,
				D9B48DD31C97F54600D36FAD /* main.m in Sources */,
				D952954C1CCE169E0060A2AD /* RGCTopicPictureView.m in Sources */,
				D92356471CACABE7004B3FFD /* RGCNavigationController.m in Sources */,
				D9B48DD61C97F54600D36FAD /* UIView+RGCExtension.m in Sources */,
				D9B48DE91C9849FF00D36FAD /* RGCRecommendUserCell.m in Sources */,
				D9B48DE01C97FF2900D36FAD /* RGCRecommendCategory.m in Sources */,
				D923563E1CAC01B6004B3FFD /* RGCTabBar.m in Sources */,
				D9B48DD41C97F54600D36FAD /* RGCFriendTrendViewController.m in Sources */,
				D96E079F1CD0B78900076AC3 /* RGCShowPictureViewController.m in Sources */,
				D9E75AAD1CE34BD2001F6A9F /* RGCTopicVoiceView.m in Sources */,
				D92356411CAC30B9004B3FFD /* UIBarButtonItem+RGCExtension.m in Sources */,
				D97AE0291CC3BF9D00BDA689 /* RGCTopic.m in Sources */,
				D92356631CAF6D74004B3FFD /* RGCRecommendTagCell.m in Sources */,
				D96F8D8C1CD35363005E9D70 /* RGCPublishViewController.m in Sources */,
				D9B48DD21C97F54600D36FAD /* AppDelegate.m in Sources */,
				D92356511CAD0BB4004B3FFD /* RGCRecommendUser.m in Sources */,
				D9BCFCAB1CB2495F00F0AE14 /* RGCPushGuideView.m in Sources */,
				D9A89A431CABC52000F409DD /* RGCMeViewController.m in Sources */,
				D92356571CAE7711004B3FFD /* RGCRecommendTagsViewController.m in Sources */,
				D9A89A401CABC4CD00F409DD /* RGCEssenceViewController.m in Sources */,
				D95295461CCBCCE00060A2AD /* NSDate+RGCExtension.m in Sources */,
				D97AE02C1CC3E80400BDA689 /* RGCConst.m in Sources */,
				D9A89A461CABC52C00F409DD /* RGCNewViewController.m in Sources */,
				D95295491CCC5A760060A2AD /* RGCTopicViewController.m in Sources */,
				D923564E1CAD0117004B3FFD /* Foundation+Log.m in Sources */,
			);
			runOnlyForDeploymentPostprocessing = 0;
		};
/* End PBXSourcesBuildPhase section */

/* Begin XCBuildConfiguration section */
		D9B48D9E1C9457CE00D36FAD /* Debug */ = {
			isa = XCBuildConfiguration;
			buildSettings = {
				ALWAYS_SEARCH_USER_PATHS = NO;
				CLANG_CXX_LANGUAGE_STANDARD = "gnu++0x";
				CLANG_CXX_LIBRARY = "libc++";
				CLANG_ENABLE_MODULES = YES;
				CLANG_ENABLE_OBJC_ARC = YES;
				CLANG_WARN_BOOL_CONVERSION = YES;
				CLANG_WARN_CONSTANT_CONVERSION = YES;
				CLANG_WARN_DIRECT_OBJC_ISA_USAGE = YES_ERROR;
				CLANG_WARN_EMPTY_BODY = YES;
				CLANG_WARN_ENUM_CONVERSION = YES;
				CLANG_WARN_INT_CONVERSION = YES;
				CLANG_WARN_OBJC_ROOT_CLASS = YES_ERROR;
				CLANG_WARN_UNREACHABLE_CODE = YES;
				CLANG_WARN__DUPLICATE_METHOD_MATCH = YES;
				"CODE_SIGN_IDENTITY[sdk=iphoneos*]" = "iPhone Developer";
				COPY_PHASE_STRIP = NO;
				DEBUG_INFORMATION_FORMAT = dwarf;
				ENABLE_STRICT_OBJC_MSGSEND = YES;
				ENABLE_TESTABILITY = YES;
				GCC_C_LANGUAGE_STANDARD = gnu99;
				GCC_DYNAMIC_NO_PIC = NO;
				GCC_NO_COMMON_BLOCKS = YES;
				GCC_OPTIMIZATION_LEVEL = 0;
				GCC_PREPROCESSOR_DEFINITIONS = (
					"DEBUG=1",
					"$(inherited)",
				);
				GCC_WARN_64_TO_32_BIT_CONVERSION = YES;
				GCC_WARN_ABOUT_RETURN_TYPE = YES_ERROR;
				GCC_WARN_UNDECLARED_SELECTOR = YES;
				GCC_WARN_UNINITIALIZED_AUTOS = YES_AGGRESSIVE;
				GCC_WARN_UNUSED_FUNCTION = YES;
				GCC_WARN_UNUSED_VARIABLE = YES;
				IPHONEOS_DEPLOYMENT_TARGET = 9.2;
				MTL_ENABLE_DEBUG_INFO = YES;
				ONLY_ACTIVE_ARCH = YES;
				SDKROOT = iphoneos;
			};
			name = Debug;
		};
		D9B48D9F1C9457CE00D36FAD /* Release */ = {
			isa = XCBuildConfiguration;
			buildSettings = {
				ALWAYS_SEARCH_USER_PATHS = NO;
				CLANG_CXX_LANGUAGE_STANDARD = "gnu++0x";
				CLANG_CXX_LIBRARY = "libc++";
				CLANG_ENABLE_MODULES = YES;
				CLANG_ENABLE_OBJC_ARC = YES;
				CLANG_WARN_BOOL_CONVERSION = YES;
				CLANG_WARN_CONSTANT_CONVERSION = YES;
				CLANG_WARN_DIRECT_OBJC_ISA_USAGE = YES_ERROR;
				CLANG_WARN_EMPTY_BODY = YES;
				CLANG_WARN_ENUM_CONVERSION = YES;
				CLANG_WARN_INT_CONVERSION = YES;
				CLANG_WARN_OBJC_ROOT_CLASS = YES_ERROR;
				CLANG_WARN_UNREACHABLE_CODE = YES;
				CLANG_WARN__DUPLICATE_METHOD_MATCH = YES;
				"CODE_SIGN_IDENTITY[sdk=iphoneos*]" = "iPhone Developer";
				COPY_PHASE_STRIP = NO;
				DEBUG_INFORMATION_FORMAT = "dwarf-with-dsym";
				ENABLE_NS_ASSERTIONS = NO;
				ENABLE_STRICT_OBJC_MSGSEND = YES;
				GCC_C_LANGUAGE_STANDARD = gnu99;
				GCC_NO_COMMON_BLOCKS = YES;
				GCC_WARN_64_TO_32_BIT_CONVERSION = YES;
				GCC_WARN_ABOUT_RETURN_TYPE = YES_ERROR;
				GCC_WARN_UNDECLARED_SELECTOR = YES;
				GCC_WARN_UNINITIALIZED_AUTOS = YES_AGGRESSIVE;
				GCC_WARN_UNUSED_FUNCTION = YES;
				GCC_WARN_UNUSED_VARIABLE = YES;
				IPHONEOS_DEPLOYMENT_TARGET = 9.2;
				MTL_ENABLE_DEBUG_INFO = NO;
				SDKROOT = iphoneos;
				VALIDATE_PRODUCT = YES;
			};
			name = Release;
		};
		D9B48DA11C9457CE00D36FAD /* Debug */ = {
			isa = XCBuildConfiguration;
			baseConfigurationReference = 2FD50AFA98A4E8AEACFEC42A /* Pods.debug.xcconfig */;
			buildSettings = {
				ASSETCATALOG_COMPILER_APPICON_NAME = AppIcon;
				ASSETCATALOG_COMPILER_LAUNCHIMAGE_NAME = "Brand Assets";
				CODE_SIGN_IDENTITY = "iPhone Developer";
				"CODE_SIGN_IDENTITY[sdk=iphoneos*]" = "iPhone Developer";
				GCC_PREFIX_HEADER = BSBDQJ/Classes/Other/PrefixHeader.pch;
				INFOPLIST_FILE = BSBDQJ/Info.plist;
				LD_RUNPATH_SEARCH_PATHS = "$(inherited) @executable_path/Frameworks";
				PRODUCT_BUNDLE_IDENTIFIER = com.telecomjs.BSBDQJ;
				PRODUCT_NAME = "$(TARGET_NAME)";
				PROVISIONING_PROFILE = "";
			};
			name = Debug;
		};
		D9B48DA21C9457CE00D36FAD /* Release */ = {
			isa = XCBuildConfiguration;
			baseConfigurationReference = 557A589194A40C4B6444D3AD /* Pods.release.xcconfig */;
			buildSettings = {
				ASSETCATALOG_COMPILER_APPICON_NAME = AppIcon;
				ASSETCATALOG_COMPILER_LAUNCHIMAGE_NAME = "Brand Assets";
				CODE_SIGN_IDENTITY = "iPhone Developer";
				"CODE_SIGN_IDENTITY[sdk=iphoneos*]" = "iPhone Developer";
				GCC_PREFIX_HEADER = BSBDQJ/Classes/Other/PrefixHeader.pch;
				INFOPLIST_FILE = BSBDQJ/Info.plist;
				LD_RUNPATH_SEARCH_PATHS = "$(inherited) @executable_path/Frameworks";
				PRODUCT_BUNDLE_IDENTIFIER = com.telecomjs.BSBDQJ;
				PRODUCT_NAME = "$(TARGET_NAME)";
				PROVISIONING_PROFILE = "";
			};
			name = Release;
		};
/* End XCBuildConfiguration section */

/* Begin XCConfigurationList section */
		D9B48D841C9457CD00D36FAD /* Build configuration list for PBXProject "BSBDQJ" */ = {
			isa = XCConfigurationList;
			buildConfigurations = (
				D9B48D9E1C9457CE00D36FAD /* Debug */,
				D9B48D9F1C9457CE00D36FAD /* Release */,
			);
			defaultConfigurationIsVisible = 0;
			defaultConfigurationName = Release;
		};
		D9B48DA01C9457CE00D36FAD /* Build configuration list for PBXNativeTarget "BSBDQJ" */ = {
			isa = XCConfigurationList;
			buildConfigurations = (
				D9B48DA11C9457CE00D36FAD /* Debug */,
				D9B48DA21C9457CE00D36FAD /* Release */,
			);
			defaultConfigurationIsVisible = 0;
			defaultConfigurationName = Release;
		};
/* End XCConfigurationList section */
	};
	rootObject = D9B48D811C9457CD00D36FAD /* Project object */;
}
